
Microsoft Visual Studio Solution File, Format Version 12.00
# Visual Studio Version 17
VisualStudioVersion = 17.6.33723.286
MinimumVisualStudioVersion = 10.0.40219.1
Project("{FAE04EC0-301F-11D3-BF4B-00C04F79EFBC}") = "Bee1038", "Bee1038\Bee1038.csproj", "{66A48EE5-16BE-467E-BD75-16A9A1C781EB}"
EndProject
Global
	GlobalSection(SolutionConfigurationPlatforms) = preSolution
		Debug|Any CPU = Debug|Any CPU
		Release|Any CPU = Release|Any CPU
	EndGlobalSection
	GlobalSection(ProjectConfigurationPlatforms) = postSolution
		{66A48EE5-16BE-467E-BD75-16A9A1C781EB}.Debug|Any CPU.ActiveCfg = Debug|Any CPU
		{66A48EE5-16BE-467E-BD75-16A9A1C781EB}.Debug|Any CPU.Build.0 = Debug|Any CPU
		{66A48EE5-16BE-467E-BD75-16A9A1C781EB}.Release|Any CPU.ActiveCfg = Release|Any CPU
		{66A48EE5-16BE-467E-BD75-16A9A1C781EB}.Release|Any CPU.Build.0 = Release|Any CPU
	EndGlobalSection
	GlobalSection(SolutionProperties) = preSolution
		HideSolutionNode = FALSE
	EndGlobalSection
	GlobalSection(ExtensibilityGlobals) = postSolution
		SolutionGuid = {F885FBE8-ED7C-4419-9980-327CB58D4AEE}
	EndGlobalSection
EndGlobal
